{
    "_readme": [
        "This file locks the dependencies of your project to a known state",
        "Read more about it at http://getcomposer.org/doc/01-basic-usage.md#composer-lock-the-lock-file",
        "This file is @generated automatically"
    ],
    "hash": "7413e97b409ac0dd508405f2025844fa",
    "packages": [
        {
            "name": "behat/mink",
            "version": "v1.6.1",
            "source": {
                "type": "git",
                "url": "https://github.com/minkphp/Mink.git",
                "reference": "8b68523a339ec991bcd638b39dc8f04f808da88a"
            },
            "dist": {
                "type": "zip",
                "url": "https://api.github.com/repos/minkphp/Mink/zipball/8b68523a339ec991bcd638b39dc8f04f808da88a",
                "reference": "8b68523a339ec991bcd638b39dc8f04f808da88a",
                "shasum": ""
            },
            "require": {
                "php": ">=5.3.1",
                "symfony/css-selector": "~2.0"
            },
            "suggest": {
                "behat/mink-browserkit-driver": "extremely fast headless driver for Symfony\\Kernel-based apps (Sf2, Silex)",
                "behat/mink-goutte-driver": "fast headless driver for any app without JS emulation",
                "behat/mink-selenium2-driver": "slow, but JS-enabled driver for any app (requires Selenium2)",
                "behat/mink-zombie-driver": "fast and JS-enabled headless driver for any app (requires node.js)"
            },
            "type": "library",
            "extra": {
                "branch-alias": {
                    "dev-master": "1.6.x-dev"
                }
            },
            "autoload": {
                "psr-4": {
                    "Behat\\Mink\\": "src/"
                }
            },
            "notification-url": "https://packagist.org/downloads/",
            "license": [
                "MIT"
            ],
            "authors": [
                {
                    "name": "Konstantin Kudryashov",
                    "email": "ever.zet@gmail.com",
                    "homepage": "http://everzet.com"
                }
            ],
            "description": "Browser controller/emulator abstraction for PHP",
            "homepage": "http://mink.behat.org/",
            "keywords": [
                "browser",
                "testing",
                "web"
            ],
            "time": "2015-02-04 17:02:06"
        },
        {
            "name": "behat/mink-browserkit-driver",
            "version": "v1.2.0",
            "source": {
                "type": "git",
                "url": "https://github.com/minkphp/MinkBrowserKitDriver.git",
                "reference": "aed8f4a596b79014a75254c3e337511c33e38cbd"
            },
            "dist": {
                "type": "zip",
                "url": "https://api.github.com/repos/minkphp/MinkBrowserKitDriver/zipball/aed8f4a596b79014a75254c3e337511c33e38cbd",
                "reference": "aed8f4a596b79014a75254c3e337511c33e38cbd",
                "shasum": ""
            },
            "require": {
                "behat/mink": "~1.6@dev",
                "php": ">=5.3.1",
                "symfony/browser-kit": "~2.0",
                "symfony/dom-crawler": "~2.0"
            },
            "require-dev": {
                "silex/silex": "~1.2"
            },
            "type": "mink-driver",
            "extra": {
                "branch-alias": {
                    "dev-master": "1.2.x-dev"
                }
            },
            "autoload": {
                "psr-0": {
                    "Behat\\Mink\\Driver": "src/"
                }
            },
            "notification-url": "https://packagist.org/downloads/",
            "license": [
                "MIT"
            ],
            "authors": [
                {
                    "name": "Konstantin Kudryashov",
                    "email": "ever.zet@gmail.com",
                    "homepage": "http://everzet.com"
                }
            ],
            "description": "Symfony2 BrowserKit driver for Mink framework",
            "homepage": "http://mink.behat.org/",
            "keywords": [
                "Mink",
                "Symfony2",
                "browser",
                "testing"
            ],
            "time": "2014-09-26 11:35:19"
        },
        {
            "name": "behat/mink-goutte-driver",
            "version": "v1.1.0",
            "source": {
                "type": "git",
                "url": "https://github.com/minkphp/MinkGoutteDriver.git",
                "reference": "2bf327b4166694ecaa8ae7f956cb6ae252ecf03e"
            },
            "dist": {
                "type": "zip",
                "url": "https://api.github.com/repos/minkphp/MinkGoutteDriver/zipball/2bf327b4166694ecaa8ae7f956cb6ae252ecf03e",
                "reference": "2bf327b4166694ecaa8ae7f956cb6ae252ecf03e",
                "shasum": ""
            },
            "require": {
                "behat/mink": "~1.6@dev",
                "behat/mink-browserkit-driver": "~1.2@dev",
                "fabpot/goutte": "~1.0.4|~2.0",
                "php": ">=5.3.1"
            },
            "type": "mink-driver",
            "extra": {
                "branch-alias": {
                    "dev-master": "1.1.x-dev"
                }
            },
            "autoload": {
                "psr-0": {
                    "Behat\\Mink\\Driver": "src/"
                }
            },
            "notification-url": "https://packagist.org/downloads/",
            "license": [
                "MIT"
            ],
            "authors": [
                {
                    "name": "Konstantin Kudryashov",
                    "email": "ever.zet@gmail.com",
                    "homepage": "http://everzet.com"
                }
            ],
            "description": "Goutte driver for Mink framework",
            "homepage": "http://mink.behat.org/",
            "keywords": [
                "browser",
                "goutte",
                "headless",
                "testing"
            ],
            "time": "2014-10-09 09:21:12"
        },
        {
            "name": "behat/mink-selenium2-driver",
            "version": "v1.2.0",
            "source": {
                "type": "git",
                "url": "https://github.com/minkphp/MinkSelenium2Driver.git",
                "reference": "8018fee80bf6573f909ece3e0dfc07d0eb352210"
            },
            "dist": {
                "type": "zip",
                "url": "https://api.github.com/repos/minkphp/MinkSelenium2Driver/zipball/8018fee80bf6573f909ece3e0dfc07d0eb352210",
                "reference": "8018fee80bf6573f909ece3e0dfc07d0eb352210",
                "shasum": ""
            },
            "require": {
                "behat/mink": "~1.6@dev",
                "instaclick/php-webdriver": "~1.1",
                "php": ">=5.3.1"
            },
            "type": "mink-driver",
            "extra": {
                "branch-alias": {
                    "dev-master": "1.2.x-dev"
                }
            },
            "autoload": {
                "psr-0": {
                    "Behat\\Mink\\Driver": "src/"
                }
            },
            "notification-url": "https://packagist.org/downloads/",
            "license": [
                "MIT"
            ],
            "authors": [
                {
                    "name": "Konstantin Kudryashov",
                    "email": "ever.zet@gmail.com",
                    "homepage": "http://everzet.com"
                },
                {
                    "name": "Pete Otaqui",
                    "email": "pete@otaqui.com",
                    "homepage": "https://github.com/pete-otaqui"
                }
            ],
            "description": "Selenium2 (WebDriver) driver for Mink framework",
            "homepage": "http://mink.behat.org/",
            "keywords": [
                "ajax",
                "browser",
                "javascript",
                "selenium",
                "testing",
                "webdriver"
            ],
            "time": "2014-09-29 13:12:12"
        },
        {
            "name": "fabpot/goutte",
            "version": "v2.0.3",
            "source": {
                "type": "git",
                "url": "https://github.com/FriendsOfPHP/Goutte.git",
                "reference": "65ab61eae03d670b93a9044ad2328eb81aa1bde5"
            },
            "dist": {
                "type": "zip",
                "url": "https://api.github.com/repos/FriendsOfPHP/Goutte/zipball/65ab61eae03d670b93a9044ad2328eb81aa1bde5",
                "reference": "65ab61eae03d670b93a9044ad2328eb81aa1bde5",
                "shasum": ""
            },
            "require": {
                "guzzlehttp/guzzle": ">=4,<6",
                "php": ">=5.4.0",
                "symfony/browser-kit": "~2.1",
                "symfony/css-selector": "~2.1",
                "symfony/dom-crawler": "~2.1"
            },
            "type": "application",
            "extra": {
                "branch-alias": {
                    "dev-master": "2.0-dev"
                }
            },
            "autoload": {
                "psr-4": {
                    "Goutte\\": "Goutte"
                }
            },
            "notification-url": "https://packagist.org/downloads/",
            "license": [
                "MIT"
            ],
            "authors": [
                {
                    "name": "Fabien Potencier",
                    "email": "fabien@symfony.com"
                }
            ],
            "description": "A simple PHP Web Scraper",
            "homepage": "https://github.com/FriendsOfPHP/Goutte",
            "keywords": [
                "scraper"
            ],
            "time": "2014-11-28 09:48:17"
        },
        {
            "name": "guzzlehttp/guzzle",
            "version": "5.2.0",
            "source": {
                "type": "git",
                "url": "https://github.com/guzzle/guzzle.git",
                "reference": "475b29ccd411f2fa8a408e64576418728c032cfa"
            },
            "dist": {
                "type": "zip",
                "url": "https://api.github.com/repos/guzzle/guzzle/zipball/475b29ccd411f2fa8a408e64576418728c032cfa",
                "reference": "475b29ccd411f2fa8a408e64576418728c032cfa",
                "shasum": ""
            },
            "require": {
                "guzzlehttp/ringphp": "~1.0",
                "php": ">=5.4.0"
            },
            "require-dev": {
                "ext-curl": "*",
                "phpunit/phpunit": "~4.0",
                "psr/log": "~1.0"
            },
            "type": "library",
            "extra": {
                "branch-alias": {
                    "dev-master": "5.0-dev"
                }
            },
            "autoload": {
                "psr-4": {
                    "GuzzleHttp\\": "src/"
                }
            },
            "notification-url": "https://packagist.org/downloads/",
            "license": [
                "MIT"
            ],
            "authors": [
                {
                    "name": "Michael Dowling",
                    "email": "mtdowling@gmail.com",
                    "homepage": "https://github.com/mtdowling"
                }
            ],
            "description": "Guzzle is a PHP HTTP client library and framework for building RESTful web service clients",
            "homepage": "http://guzzlephp.org/",
            "keywords": [
                "client",
                "curl",
                "framework",
                "http",
                "http client",
                "rest",
                "web service"
            ],
            "time": "2015-01-28 01:03:29"
        },
        {
            "name": "guzzlehttp/ringphp",
            "version": "1.0.6",
            "source": {
                "type": "git",
                "url": "https://github.com/guzzle/RingPHP.git",
                "reference": "f43ab34aad69ca0ba04172cf2c3cd5c12fc0e5a4"
            },
            "dist": {
                "type": "zip",
                "url": "https://api.github.com/repos/guzzle/RingPHP/zipball/f43ab34aad69ca0ba04172cf2c3cd5c12fc0e5a4",
                "reference": "f43ab34aad69ca0ba04172cf2c3cd5c12fc0e5a4",
                "shasum": ""
            },
            "require": {
                "guzzlehttp/streams": "~3.0",
                "php": ">=5.4.0",
                "react/promise": "~2.0"
            },
            "require-dev": {
                "ext-curl": "*",
                "phpunit/phpunit": "~4.0"
            },
            "suggest": {
                "ext-curl": "Guzzle will use specific adapters if cURL is present"
            },
            "type": "library",
            "extra": {
                "branch-alias": {
                    "dev-master": "1.0-dev"
                }
            },
            "autoload": {
                "psr-4": {
                    "GuzzleHttp\\Ring\\": "src/"
                }
            },
            "notification-url": "https://packagist.org/downloads/",
            "license": [
                "MIT"
            ],
            "authors": [
                {
                    "name": "Michael Dowling",
                    "email": "mtdowling@gmail.com",
                    "homepage": "https://github.com/mtdowling"
                }
            ],
            "description": "Provides a simple API and specification that abstracts away the details of HTTP into a single PHP function.",
            "time": "2015-02-26 20:43:09"
        },
        {
            "name": "guzzlehttp/streams",
            "version": "3.0.0",
            "source": {
                "type": "git",
                "url": "https://github.com/guzzle/streams.git",
                "reference": "47aaa48e27dae43d39fc1cea0ccf0d84ac1a2ba5"
            },
            "dist": {
                "type": "zip",
                "url": "https://api.github.com/repos/guzzle/streams/zipball/47aaa48e27dae43d39fc1cea0ccf0d84ac1a2ba5",
                "reference": "47aaa48e27dae43d39fc1cea0ccf0d84ac1a2ba5",
                "shasum": ""
            },
            "require": {
                "php": ">=5.4.0"
            },
            "require-dev": {
                "phpunit/phpunit": "~4.0"
            },
            "type": "library",
            "extra": {
                "branch-alias": {
                    "dev-master": "3.0-dev"
                }
            },
            "autoload": {
                "psr-4": {
                    "GuzzleHttp\\Stream\\": "src/"
                }
            },
            "notification-url": "https://packagist.org/downloads/",
            "license": [
                "MIT"
            ],
            "authors": [
                {
                    "name": "Michael Dowling",
                    "email": "mtdowling@gmail.com",
                    "homepage": "https://github.com/mtdowling"
                }
            ],
            "description": "Provides a simple abstraction over streams of data",
            "homepage": "http://guzzlephp.org/",
            "keywords": [
                "Guzzle",
                "stream"
            ],
            "time": "2014-10-12 19:18:40"
        },
        {
            "name": "instaclick/php-webdriver",
            "version": "1.4.1",
            "source": {
                "type": "git",
                "url": "https://github.com/instaclick/php-webdriver.git",
                "reference": "a57b2bcd9467e217134a2248b261b8b3a90ccea0"
            },
            "dist": {
                "type": "zip",
                "url": "https://api.github.com/repos/instaclick/php-webdriver/zipball/a57b2bcd9467e217134a2248b261b8b3a90ccea0",
                "reference": "a57b2bcd9467e217134a2248b261b8b3a90ccea0",
                "shasum": ""
            },
            "require": {
                "ext-curl": "*",
                "php": ">=5.3.2"
            },
            "require-dev": {
                "satooshi/php-coveralls": "dev-master"
            },
            "type": "library",
            "extra": {
                "branch-alias": {
                    "dev-master": "1.4.x-dev"
                }
            },
            "autoload": {
                "psr-0": {
                    "WebDriver": "lib/"
                }
            },
            "notification-url": "https://packagist.org/downloads/",
            "license": [
                "Apache-2.0"
            ],
            "authors": [
                {
                    "name": "Justin Bishop",
                    "email": "jubishop@gmail.com",
                    "role": "Developer"
                },
                {
                    "name": "Anthon Pang",
                    "email": "apang@softwaredevelopment.ca",
                    "role": "Fork Maintainer"
                }
            ],
            "description": "PHP WebDriver for Selenium 2",
            "homepage": "http://instaclick.com/",
            "keywords": [
                "browser",
                "selenium",
                "webdriver",
                "webtest"
            ],
            "time": "2014-05-12 21:03:05"
        },
        {
            "name": "react/promise",
            "version": "v2.2.0",
            "source": {
                "type": "git",
                "url": "https://github.com/reactphp/promise.git",
                "reference": "365fcee430dfa4ace1fbc75737ca60ceea7eeeef"
            },
            "dist": {
                "type": "zip",
                "url": "https://api.github.com/repos/reactphp/promise/zipball/365fcee430dfa4ace1fbc75737ca60ceea7eeeef",
                "reference": "365fcee430dfa4ace1fbc75737ca60ceea7eeeef",
                "shasum": ""
            },
            "require": {
                "php": ">=5.4.0"
            },
            "type": "library",
            "extra": {
                "branch-alias": {
                    "dev-master": "2.0-dev"
                }
            },
            "autoload": {
                "psr-4": {
                    "React\\Promise\\": "src/"
                },
                "files": [
                    "src/functions_include.php"
                ]
            },
            "notification-url": "https://packagist.org/downloads/",
            "license": [
                "MIT"
            ],
            "authors": [
                {
                    "name": "Jan Sorgalla",
                    "email": "jsorgalla@googlemail.com"
                }
            ],
            "description": "A lightweight implementation of CommonJS Promises/A for PHP",
            "time": "2014-12-30 13:32:42"
        },
        {
            "name": "symfony/browser-kit",
            "version": "v2.6.4",
            "target-dir": "Symfony/Component/BrowserKit",
            "source": {
                "type": "git",
                "url": "https://github.com/symfony/BrowserKit.git",
                "reference": "2ecec44ed5047020c65dd6e4a4b2f3cf13ae3c04"
            },
            "dist": {
                "type": "zip",
                "url": "https://api.github.com/repos/symfony/BrowserKit/zipball/2ecec44ed5047020c65dd6e4a4b2f3cf13ae3c04",
                "reference": "2ecec44ed5047020c65dd6e4a4b2f3cf13ae3c04",
                "shasum": ""
            },
            "require": {
                "php": ">=5.3.3",
                "symfony/dom-crawler": "~2.0,>=2.0.5"
            },
            "require-dev": {
                "symfony/css-selector": "~2.0,>=2.0.5",
                "symfony/process": "~2.0,>=2.0.5"
            },
            "suggest": {
                "symfony/process": ""
            },
            "type": "library",
            "extra": {
                "branch-alias": {
                    "dev-master": "2.6-dev"
                }
            },
            "autoload": {
                "psr-0": {
                    "Symfony\\Component\\BrowserKit\\": ""
                }
            },
            "notification-url": "https://packagist.org/downloads/",
            "license": [
                "MIT"
            ],
            "authors": [
                {
                    "name": "Symfony Community",
                    "homepage": "http://symfony.com/contributors"
                },
                {
                    "name": "Fabien Potencier",
                    "email": "fabien@symfony.com"
                }
            ],
            "description": "Symfony BrowserKit Component",
            "homepage": "http://symfony.com",
            "time": "2015-01-03 08:01:59"
        },
        {
            "name": "symfony/css-selector",
            "version": "v2.6.4",
            "target-dir": "Symfony/Component/CssSelector",
            "source": {
                "type": "git",
                "url": "https://github.com/symfony/CssSelector.git",
                "reference": "3f80ecc614fec68d5b4a84a0703db3fdf5ce8584"
            },
            "dist": {
                "type": "zip",
                "url": "https://api.github.com/repos/symfony/CssSelector/zipball/3f80ecc614fec68d5b4a84a0703db3fdf5ce8584",
                "reference": "3f80ecc614fec68d5b4a84a0703db3fdf5ce8584",
                "shasum": ""
            },
            "require": {
                "php": ">=5.3.3"
            },
            "type": "library",
            "extra": {
                "branch-alias": {
                    "dev-master": "2.6-dev"
                }
            },
            "autoload": {
                "psr-0": {
                    "Symfony\\Component\\CssSelector\\": ""
                }
            },
            "notification-url": "https://packagist.org/downloads/",
            "license": [
                "MIT"
            ],
            "authors": [
                {
                    "name": "Symfony Community",
                    "homepage": "http://symfony.com/contributors"
                },
                {
                    "name": "Jean-François Simon",
                    "email": "jeanfrancois.simon@sensiolabs.com"
                },
                {
                    "name": "Fabien Potencier",
                    "email": "fabien@symfony.com"
                }
            ],
            "description": "Symfony CssSelector Component",
            "homepage": "http://symfony.com",
            "time": "2015-01-03 08:01:59"
        },
        {
            "name": "symfony/dom-crawler",
            "version": "v2.6.4",
            "target-dir": "Symfony/Component/DomCrawler",
            "source": {
                "type": "git",
                "url": "https://github.com/symfony/DomCrawler.git",
                "reference": "26a9eb302decd828990e1015afaa11b78b016073"
            },
            "dist": {
                "type": "zip",
                "url": "https://api.github.com/repos/symfony/DomCrawler/zipball/26a9eb302decd828990e1015afaa11b78b016073",
                "reference": "26a9eb302decd828990e1015afaa11b78b016073",
                "shasum": ""
            },
            "require": {
                "php": ">=5.3.3"
            },
            "require-dev": {
                "symfony/css-selector": "~2.3"
            },
            "suggest": {
                "symfony/css-selector": ""
            },
            "type": "library",
            "extra": {
                "branch-alias": {
                    "dev-master": "2.6-dev"
                }
            },
            "autoload": {
                "psr-0": {
                    "Symfony\\Component\\DomCrawler\\": ""
                }
            },
            "notification-url": "https://packagist.org/downloads/",
            "license": [
                "MIT"
            ],
            "authors": [
                {
                    "name": "Symfony Community",
                    "homepage": "http://symfony.com/contributors"
                },
                {
                    "name": "Fabien Potencier",
                    "email": "fabien@symfony.com"
                }
            ],
            "description": "Symfony DomCrawler Component",
            "homepage": "http://symfony.com",
            "time": "2015-01-03 08:01:59"
        },
        {
            "name": "symfony/process",
            "version": "v2.6.4",
            "target-dir": "Symfony/Component/Process",
            "source": {
                "type": "git",
                "url": "https://github.com/symfony/Process.git",
                "reference": "ecfc23e89d9967999fa5f60a1e9af7384396e9ae"
            },
            "dist": {
                "type": "zip",
                "url": "https://api.github.com/repos/symfony/Process/zipball/ecfc23e89d9967999fa5f60a1e9af7384396e9ae",
                "reference": "ecfc23e89d9967999fa5f60a1e9af7384396e9ae",
                "shasum": ""
            },
            "require": {
                "php": ">=5.3.3"
            },
            "type": "library",
            "extra": {
                "branch-alias": {
                    "dev-master": "2.6-dev"
                }
            },
            "autoload": {
                "psr-0": {
                    "Symfony\\Component\\Process\\": ""
                }
            },
            "notification-url": "https://packagist.org/downloads/",
            "license": [
                "MIT"
            ],
            "authors": [
                {
                    "name": "Symfony Community",
                    "homepage": "http://symfony.com/contributors"
                },
                {
                    "name": "Fabien Potencier",
                    "email": "fabien@symfony.com"
                }
            ],
            "description": "Symfony Process Component",
            "homepage": "http://symfony.com",
            "time": "2015-01-25 04:39:26"
        },
        {
            "name": "symfony/yaml",
            "version": "v2.6.4",
            "target-dir": "Symfony/Component/Yaml",
            "source": {
                "type": "git",
                "url": "https://github.com/symfony/Yaml.git",
                "reference": "60ed7751671113cf1ee7d7778e691642c2e9acd8"
            },
            "dist": {
                "type": "zip",
                "url": "https://api.github.com/repos/symfony/Yaml/zipball/60ed7751671113cf1ee7d7778e691642c2e9acd8",
                "reference": "60ed7751671113cf1ee7d7778e691642c2e9acd8",
                "shasum": ""
            },
            "require": {
                "php": ">=5.3.3"
            },
            "type": "library",
            "extra": {
                "branch-alias": {
                    "dev-master": "2.6-dev"
                }
            },
            "autoload": {
                "psr-0": {
                    "Symfony\\Component\\Yaml\\": ""
                }
            },
            "notification-url": "https://packagist.org/downloads/",
            "license": [
                "MIT"
            ],
            "authors": [
                {
                    "name": "Symfony Community",
                    "homepage": "http://symfony.com/contributors"
                },
                {
                    "name": "Fabien Potencier",
                    "email": "fabien@symfony.com"
                }
            ],
            "description": "Symfony Yaml Component",
            "homepage": "http://symfony.com",
            "time": "2015-01-25 04:39:26"
        }
    ],
    "packages-dev": [],
    "aliases": [],
    "minimum-stability": "stable",
    "stability-flags": [],
    "prefer-stable": false,
    "prefer-lowest": false,
    "platform": [],
    "platform-dev": []
}
